
Microsoft Visual Studio Solution File, Format Version 12.00
# Visual Studio 2012
Project("{FAE04EC0-301F-11D3-BF4B-00C04F79EFBC}") = "Machine.Fakes.Mvc", "Machine.Fakes.Mvc\Machine.Fakes.Mvc.csproj", "{090CA752-BC66-42B2-A949-B8C3E925A179}"
EndProject
Project("{FAE04EC0-301F-11D3-BF4B-00C04F79EFBC}") = "Machine.Fakes.Mvc.Moq.Specs", "Machine.Fakes.Mvc.Specs\Machine.Fakes.Mvc.Moq.Specs.csproj", "{C56EF5F3-044E-46F1-9BB7-602A31B05113}"
EndProject
Global
	GlobalSection(SolutionConfigurationPlatforms) = preSolution
		Debug|Any CPU = Debug|Any CPU
		Release|Any CPU = Release|Any CPU
	EndGlobalSection
	GlobalSection(ProjectConfigurationPlatforms) = postSolution
		{090CA752-BC66-42B2-A949-B8C3E925A179}.Debug|Any CPU.ActiveCfg = Debug|Any CPU
		{090CA752-BC66-42B2-A949-B8C3E925A179}.Debug|Any CPU.Build.0 = Debug|Any CPU
		{090CA752-BC66-42B2-A949-B8C3E925A179}.Release|Any CPU.ActiveCfg = Release|Any CPU
		{090CA752-BC66-42B2-A949-B8C3E925A179}.Release|Any CPU.Build.0 = Release|Any CPU
		{C56EF5F3-044E-46F1-9BB7-602A31B05113}.Debug|Any CPU.ActiveCfg = Debug|Any CPU
		{C56EF5F3-044E-46F1-9BB7-602A31B05113}.Debug|Any CPU.Build.0 = Debug|Any CPU
		{C56EF5F3-044E-46F1-9BB7-602A31B05113}.Release|Any CPU.ActiveCfg = Release|Any CPU
		{C56EF5F3-044E-46F1-9BB7-602A31B05113}.Release|Any CPU.Build.0 = Release|Any CPU
	EndGlobalSection
	GlobalSection(SolutionProperties) = preSolution
		HideSolutionNode = FALSE
	EndGlobalSection
EndGlobal
